
Microsoft Visual Studio Solution File, Format Version 12.00
# Visual Studio Version 16
VisualStudioVersion = 16.0.30128.74
MinimumVisualStudioVersion = 10.0.40219.1
Project("{FAE04EC0-301F-11D3-BF4B-00C04F79EFBC}") = "TVDatabaseForm1", "TVDatabaseForm1.csproj", "{CD5472D3-A20F-4522-9B0B-1B84B57D1E4F}"
EndProject
Global
	GlobalSection(SolutionConfigurationPlatforms) = preSolution
		Debug|Any CPU = Debug|Any CPU
		Release|Any CPU = Release|Any CPU
	EndGlobalSection
	GlobalSection(ProjectConfigurationPlatforms) = postSolution
		{CD5472D3-A20F-4522-9B0B-1B84B57D1E4F}.Debug|Any CPU.ActiveCfg = Debug|Any CPU
		{CD5472D3-A20F-4522-9B0B-1B84B57D1E4F}.Debug|Any CPU.Build.0 = Debug|Any CPU
		{CD5472D3-A20F-4522-9B0B-1B84B57D1E4F}.Release|Any CPU.ActiveCfg = Release|Any CPU
		{CD5472D3-A20F-4522-9B0B-1B84B57D1E4F}.Release|Any CPU.Build.0 = Release|Any CPU
	EndGlobalSection
	GlobalSection(SolutionProperties) = preSolution
		HideSolutionNode = FALSE
	EndGlobalSection
	GlobalSection(ExtensibilityGlobals) = postSolution
		SolutionGuid = {41C220BB-F7B6-4862-9054-318C03D39AC0}
	EndGlobalSection
EndGlobal
